# THIS IS AN AUTOGENERATED FILE. DO NOT EDIT THIS FILE DIRECTLY.
# yarn lockfile v1


mobx@5.x.x:
  version "5.15.5"
  resolved "https://registry.yarnpkg.com/mobx/-/mobx-5.15.5.tgz#69715dc8662f64d153309bfe95169b8df4b4be4b"
  integrity sha512-hzk17T+/IIYLPWClRcfoA6Q5aZhFpDCr1oh8RZzu+esWP77IX/lS0V/Ee1Np+aOPKFfbSInF0reHH0L/aFfSrw==

preact@10.x.x:
  version "10.4.7"
  resolved "https://registry.yarnpkg.com/preact/-/preact-10.4.7.tgz#5a530d34b4ba45f38234be8b1b3fe910098a165f"
  integrity sha512-DtnnPbOm7oxW7Sxf5Co+KSIOxo7bGm0vLfJN/wGey7G2sAGKnGP5+bFyE2YIgutMISQl6xFVTsOd6l/Au88VVw==

typescript@3.9.x:
  version "3.9.7"
  resolved "https://registry.yarnpkg.com/typescript/-/typescript-3.9.7.tgz#98d600a5ebdc38f40cb277522f12dc800e9e25fa"
  integrity sha512-BLbiRkiBzAwsjut4x/dsibSTB6yWpwT5qWmC2OfuCg3GgVQCSgMs4vEctYPhsaGtd0AeuuHMkjZ2h2WG8MSzRw==
